
Microsoft Visual Studio Solution File, Format Version 12.00
# Visual Studio Version 17
VisualStudioVersion = 17.4.33213.308
MinimumVisualStudioVersion = 10.0.40219.1
Project("{FAE04EC0-301F-11D3-BF4B-00C04F79EFBC}") = "ImageReplacer", "ImageReplacer\ImageReplacer.csproj", "{7B326164-82D0-4799-9AAA-D4E1E611162C}"
EndProject
Global
	GlobalSection(SolutionConfigurationPlatforms) = preSolution
		Debug|Any CPU = Debug|Any CPU
		Release|Any CPU = Release|Any CPU
	EndGlobalSection
	GlobalSection(ProjectConfigurationPlatforms) = postSolution
		{7B326164-82D0-4799-9AAA-D4E1E611162C}.Debug|Any CPU.ActiveCfg = Debug|Any CPU
		{7B326164-82D0-4799-9AAA-D4E1E611162C}.Debug|Any CPU.Build.0 = Debug|Any CPU
		{7B326164-82D0-4799-9AAA-D4E1E611162C}.Release|Any CPU.ActiveCfg = Release|Any CPU
		{7B326164-82D0-4799-9AAA-D4E1E611162C}.Release|Any CPU.Build.0 = Release|Any CPU
	EndGlobalSection
	GlobalSection(SolutionProperties) = preSolution
		HideSolutionNode = FALSE
	EndGlobalSection
	GlobalSection(ExtensibilityGlobals) = postSolution
		SolutionGuid = {5C479945-FF17-4D1C-A611-C0F1483ACA92}
	EndGlobalSection
EndGlobal
