
Microsoft Visual Studio Solution File, Format Version 12.00
# Visual Studio Version 17
VisualStudioVersion = 17.1.32407.343
MinimumVisualStudioVersion = 10.0.40219.1
Project("{9A19103F-16F7-4668-BE54-9A1E7A4F7556}") = "MarketingManager", "MarketingManager\MarketingManager.csproj", "{9E564BD6-55D7-41D5-8878-A7C1864C7837}"
EndProject
Project("{9A19103F-16F7-4668-BE54-9A1E7A4F7556}") = "Utilities", "Utilities\Utilities.csproj", "{37D89BC5-6B38-4339-ADBF-70C59290B6A1}"
EndProject
Global
	GlobalSection(SolutionConfigurationPlatforms) = preSolution
		Debug|Any CPU = Debug|Any CPU
		Release|Any CPU = Release|Any CPU
	EndGlobalSection
	GlobalSection(ProjectConfigurationPlatforms) = postSolution
		{9E564BD6-55D7-41D5-8878-A7C1864C7837}.Debug|Any CPU.ActiveCfg = Debug|Any CPU
		{9E564BD6-55D7-41D5-8878-A7C1864C7837}.Debug|Any CPU.Build.0 = Debug|Any CPU
		{9E564BD6-55D7-41D5-8878-A7C1864C7837}.Release|Any CPU.ActiveCfg = Release|Any CPU
		{9E564BD6-55D7-41D5-8878-A7C1864C7837}.Release|Any CPU.Build.0 = Release|Any CPU
		{37D89BC5-6B38-4339-ADBF-70C59290B6A1}.Debug|Any CPU.ActiveCfg = Debug|Any CPU
		{37D89BC5-6B38-4339-ADBF-70C59290B6A1}.Debug|Any CPU.Build.0 = Debug|Any CPU
		{37D89BC5-6B38-4339-ADBF-70C59290B6A1}.Release|Any CPU.ActiveCfg = Release|Any CPU
		{37D89BC5-6B38-4339-ADBF-70C59290B6A1}.Release|Any CPU.Build.0 = Release|Any CPU
	EndGlobalSection
	GlobalSection(SolutionProperties) = preSolution
		HideSolutionNode = FALSE
	EndGlobalSection
	GlobalSection(ExtensibilityGlobals) = postSolution
		SolutionGuid = {21984872-D989-42D6-829A-8C1E6EEE2B04}
	EndGlobalSection
EndGlobal
