
Microsoft Visual Studio Solution File, Format Version 12.00
# Visual Studio Version 17
VisualStudioVersion = 17.14.36414.22
MinimumVisualStudioVersion = 10.0.40219.1
Project("{FAE04EC0-301F-11D3-BF4B-00C04F79EFBC}") = "Utilities", "Utilities\Utilities.csproj", "{0D4EF8BE-D883-44C7-BF1B-7AD6BCE7E890}"
EndProject
Project("{FAE04EC0-301F-11D3-BF4B-00C04F79EFBC}") = "UnitTests", "UnitTests\UnitTests.csproj", "{A2EFE670-642C-4E99-A261-2420E774E449}"
EndProject
Project("{FAE04EC0-301F-11D3-BF4B-00C04F79EFBC}") = "Graphics", "Graphics\Graphics.csproj", "{3AAF1ACA-1E72-4BB3-A276-B9609039D71D}"
EndProject
Project("{FAE04EC0-301F-11D3-BF4B-00C04F79EFBC}") = "DebugSupport", "DebugSupport\DebugSupport.csproj", "{E5771A72-0698-43BE-A1ED-7E2525DCD6C0}"
EndProject
Project("{FAE04EC0-301F-11D3-BF4B-00C04F79EFBC}") = "FloorMaterialEstimatorRev2", "FloorMaterialEstimatorRev2\FloorMaterialEstimatorRev2.csproj", "{5C419AD6-8690-4752-AB41-FAC9A934C813}"
EndProject
Project("{FAE04EC0-301F-11D3-BF4B-00C04F79EFBC}") = "FinishSeamLineInitializer", "FinishSeamLineInitializer\FinishSeamLineInitializer.csproj", "{C10D70FC-861F-4287-BEBB-166D4F2124BC}"
EndProject
Project("{FAE04EC0-301F-11D3-BF4B-00C04F79EFBC}") = "VectorLib", "VectorLib\VectorLib.csproj", "{820E3FBB-A219-4BBF-A927-AAB1A3EE3DE9}"
EndProject
Project("{FAE04EC0-301F-11D3-BF4B-00C04F79EFBC}") = "ComboLib", "ComboLib\ComboLib.csproj", "{4D289AB6-A3CC-4885-8185-2D2FC473B053}"
EndProject
Project("{FAE04EC0-301F-11D3-BF4B-00C04F79EFBC}") = "SettingsLib", "SettingsAndShortcuts\SettingsLib.csproj", "{E7857C01-05B8-49AE-B811-E7041606BFD5}"
EndProject
Project("{FAE04EC0-301F-11D3-BF4B-00C04F79EFBC}") = "FinishesLib", "FinishesLib\FinishesLib.csproj", "{70134C95-BA50-49D3-8FDE-6DF3A4DEAFDF}"
EndProject
Project("{FAE04EC0-301F-11D3-BF4B-00C04F79EFBC}") = "OversUnders", "OversUnders\OversUnders.csproj", "{885F6C18-AA17-48C2-A45D-3A3A1BA46EA8}"
EndProject
Project("{FAE04EC0-301F-11D3-BF4B-00C04F79EFBC}") = "CanvasLib", "CanvasLib\CanvasLib.csproj", "{CB086504-FA9C-404F-9C24-5B73D9A224B8}"
EndProject
Project("{FAE04EC0-301F-11D3-BF4B-00C04F79EFBC}") = "MaterialsLayout", "MaterialsLayout\MaterialsLayout.csproj", "{DD9D024E-4979-43DC-A9B9-05F4FDC258D9}"
EndProject
Project("{FAE04EC0-301F-11D3-BF4B-00C04F79EFBC}") = "OversUndersLib", "OversUndersLib\OversUndersLib.csproj", "{59CBBBEF-522D-4BCB-B134-0CE9333295FD}"
EndProject
Project("{FAE04EC0-301F-11D3-BF4B-00C04F79EFBC}") = "VoronoiLib", "VoronoiLib\VoronoiLib.csproj", "{E9A1B784-AFE0-4954-916E-D94279724D67}"
EndProject
Project("{FAE04EC0-301F-11D3-BF4B-00C04F79EFBC}") = "TracerLib", "TracerLib\TracerLib.csproj", "{53183650-381B-4EDC-8F0A-4B9B244B111C}"
EndProject
Project("{FAE04EC0-301F-11D3-BF4B-00C04F79EFBC}") = "StatsGeneratorLib", "StatsGeneratorLib\StatsGeneratorLib.csproj", "{94CEE069-A635-4632-9AFB-4057E0C48CD9}"
EndProject
Project("{FAE04EC0-301F-11D3-BF4B-00C04F79EFBC}") = "Geometry", "Geometry\Geometry.csproj", "{B0C68DA5-8D2C-43E1-843A-0FA0685E0731}"
EndProject
Project("{FAE04EC0-301F-11D3-BF4B-00C04F79EFBC}") = "CutUndrsNestingLib", "CutOversNestingLib\CutUndrsNestingLib.csproj", "{E37EDD11-7E2B-4CA1-B2C5-F5B7644D9363}"
EndProject
Project("{FAE04EC0-301F-11D3-BF4B-00C04F79EFBC}") = "Globals", "Globals\Globals.csproj", "{778B112C-93A6-4BD4-B171-04E362DDD126}"
EndProject
Project("{FAE04EC0-301F-11D3-BF4B-00C04F79EFBC}") = "PaletteLib", "PaletteLib\PaletteLib.csproj", "{BEA029BA-8512-4F8E-899B-0081CF9157BE}"
EndProject
Project("{FAE04EC0-301F-11D3-BF4B-00C04F79EFBC}") = "SummaryReport", "SummaryReport\SummaryReport.csproj", "{C4390266-8CB8-4171-A467-C17BA014B6EE}"
EndProject
Project("{FAE04EC0-301F-11D3-BF4B-00C04F79EFBC}") = "clipper_library", "Clipper\clipper_library.csproj", "{9B062971-A88E-4A3D-B3C9-12B78D15FA66}"
EndProject
Project("{FAE04EC0-301F-11D3-BF4B-00C04F79EFBC}") = "CanvasManagerLib", "CanvasManager\CanvasManagerLib.csproj", "{5C42A79A-D44A-413F-90AD-BA61E35F17BD}"
EndProject
Project("{FAE04EC0-301F-11D3-BF4B-00C04F79EFBC}") = "ShapeNestLib", "ShapeNestLib\ShapeNestLib.csproj", "{67648CD9-6389-43B4-BB6C-1D758626F2D6}"
EndProject
Project("{FAE04EC0-301F-11D3-BF4B-00C04F79EFBC}") = "NetTopologySuite", "NetTopologySuite\NetTopologySuite\NetTopologySuite.csproj", "{8F28C01C-221E-4351-AFC5-6556A6CFF718}"
EndProject
Project("{FAE04EC0-301F-11D3-BF4B-00C04F79EFBC}") = "DeepNestLib", "..\Deepnest\DeepNestLib\DeepNestLib.csproj", "{32F6DD67-EF43-49E7-A6B3-4786344BAF14}"
EndProject
Global
	GlobalSection(SolutionConfigurationPlatforms) = preSolution
		Debug|Any CPU = Debug|Any CPU
		Debug|x64 = Debug|x64
		Debug|x86 = Debug|x86
		Release|Any CPU = Release|Any CPU
		Release|x64 = Release|x64
		Release|x86 = Release|x86
	EndGlobalSection
	GlobalSection(ProjectConfigurationPlatforms) = postSolution
		{0D4EF8BE-D883-44C7-BF1B-7AD6BCE7E890}.Debug|Any CPU.ActiveCfg = Debug|Any CPU
		{0D4EF8BE-D883-44C7-BF1B-7AD6BCE7E890}.Debug|Any CPU.Build.0 = Debug|Any CPU
		{0D4EF8BE-D883-44C7-BF1B-7AD6BCE7E890}.Debug|x64.ActiveCfg = Debug|x64
		{0D4EF8BE-D883-44C7-BF1B-7AD6BCE7E890}.Debug|x64.Build.0 = Debug|x64
		{0D4EF8BE-D883-44C7-BF1B-7AD6BCE7E890}.Debug|x86.ActiveCfg = Debug|x86
		{0D4EF8BE-D883-44C7-BF1B-7AD6BCE7E890}.Debug|x86.Build.0 = Debug|x86
		{0D4EF8BE-D883-44C7-BF1B-7AD6BCE7E890}.Release|Any CPU.ActiveCfg = Release|Any CPU
		{0D4EF8BE-D883-44C7-BF1B-7AD6BCE7E890}.Release|Any CPU.Build.0 = Release|Any CPU
		{0D4EF8BE-D883-44C7-BF1B-7AD6BCE7E890}.Release|x64.ActiveCfg = Release|x64
		{0D4EF8BE-D883-44C7-BF1B-7AD6BCE7E890}.Release|x64.Build.0 = Release|x64
		{0D4EF8BE-D883-44C7-BF1B-7AD6BCE7E890}.Release|x86.ActiveCfg = Release|x86
		{0D4EF8BE-D883-44C7-BF1B-7AD6BCE7E890}.Release|x86.Build.0 = Release|x86
		{A2EFE670-642C-4E99-A261-2420E774E449}.Debug|Any CPU.ActiveCfg = Debug|Any CPU
		{A2EFE670-642C-4E99-A261-2420E774E449}.Debug|Any CPU.Build.0 = Debug|Any CPU
		{A2EFE670-642C-4E99-A261-2420E774E449}.Debug|x64.ActiveCfg = Debug|x64
		{A2EFE670-642C-4E99-A261-2420E774E449}.Debug|x64.Build.0 = Debug|x64
		{A2EFE670-642C-4E99-A261-2420E774E449}.Debug|x86.ActiveCfg = Debug|x86
		{A2EFE670-642C-4E99-A261-2420E774E449}.Debug|x86.Build.0 = Debug|x86
		{A2EFE670-642C-4E99-A261-2420E774E449}.Release|Any CPU.ActiveCfg = Release|Any CPU
		{A2EFE670-642C-4E99-A261-2420E774E449}.Release|Any CPU.Build.0 = Release|Any CPU
		{A2EFE670-642C-4E99-A261-2420E774E449}.Release|x64.ActiveCfg = Release|x64
		{A2EFE670-642C-4E99-A261-2420E774E449}.Release|x64.Build.0 = Release|x64
		{A2EFE670-642C-4E99-A261-2420E774E449}.Release|x86.ActiveCfg = Release|x86
		{3AAF1ACA-1E72-4BB3-A276-B9609039D71D}.Debug|Any CPU.ActiveCfg = Debug|Any CPU
		{3AAF1ACA-1E72-4BB3-A276-B9609039D71D}.Debug|Any CPU.Build.0 = Debug|Any CPU
		{3AAF1ACA-1E72-4BB3-A276-B9609039D71D}.Debug|x64.ActiveCfg = Debug|x64
		{3AAF1ACA-1E72-4BB3-A276-B9609039D71D}.Debug|x64.Build.0 = Debug|x64
		{3AAF1ACA-1E72-4BB3-A276-B9609039D71D}.Debug|x86.ActiveCfg = Debug|x86
		{3AAF1ACA-1E72-4BB3-A276-B9609039D71D}.Debug|x86.Build.0 = Debug|x86
		{3AAF1ACA-1E72-4BB3-A276-B9609039D71D}.Release|Any CPU.ActiveCfg = Release|Any CPU
		{3AAF1ACA-1E72-4BB3-A276-B9609039D71D}.Release|Any CPU.Build.0 = Release|Any CPU
		{3AAF1ACA-1E72-4BB3-A276-B9609039D71D}.Release|x64.ActiveCfg = Release|x64
		{3AAF1ACA-1E72-4BB3-A276-B9609039D71D}.Release|x64.Build.0 = Release|x64
		{3AAF1ACA-1E72-4BB3-A276-B9609039D71D}.Release|x86.ActiveCfg = Release|x86
		{3AAF1ACA-1E72-4BB3-A276-B9609039D71D}.Release|x86.Build.0 = Release|x86
		{E5771A72-0698-43BE-A1ED-7E2525DCD6C0}.Debug|Any CPU.ActiveCfg = Debug|Any CPU
		{E5771A72-0698-43BE-A1ED-7E2525DCD6C0}.Debug|Any CPU.Build.0 = Debug|Any CPU
		{E5771A72-0698-43BE-A1ED-7E2525DCD6C0}.Debug|x64.ActiveCfg = Debug|x64
		{E5771A72-0698-43BE-A1ED-7E2525DCD6C0}.Debug|x64.Build.0 = Debug|x64
		{E5771A72-0698-43BE-A1ED-7E2525DCD6C0}.Debug|x86.ActiveCfg = Debug|x86
		{E5771A72-0698-43BE-A1ED-7E2525DCD6C0}.Debug|x86.Build.0 = Debug|x86
		{E5771A72-0698-43BE-A1ED-7E2525DCD6C0}.Release|Any CPU.ActiveCfg = Release|Any CPU
		{E5771A72-0698-43BE-A1ED-7E2525DCD6C0}.Release|Any CPU.Build.0 = Release|Any CPU
		{E5771A72-0698-43BE-A1ED-7E2525DCD6C0}.Release|x64.ActiveCfg = Release|x64
		{E5771A72-0698-43BE-A1ED-7E2525DCD6C0}.Release|x64.Build.0 = Release|x64
		{E5771A72-0698-43BE-A1ED-7E2525DCD6C0}.Release|x86.ActiveCfg = Release|x86
		{E5771A72-0698-43BE-A1ED-7E2525DCD6C0}.Release|x86.Build.0 = Release|x86
		{5C419AD6-8690-4752-AB41-FAC9A934C813}.Debug|Any CPU.ActiveCfg = Debug|Any CPU
		{5C419AD6-8690-4752-AB41-FAC9A934C813}.Debug|Any CPU.Build.0 = Debug|Any CPU
		{5C419AD6-8690-4752-AB41-FAC9A934C813}.Debug|x64.ActiveCfg = Debug|x64
		{5C419AD6-8690-4752-AB41-FAC9A934C813}.Debug|x64.Build.0 = Debug|x64
		{5C419AD6-8690-4752-AB41-FAC9A934C813}.Debug|x86.ActiveCfg = Debug|x86
		{5C419AD6-8690-4752-AB41-FAC9A934C813}.Debug|x86.Build.0 = Debug|x86
		{5C419AD6-8690-4752-AB41-FAC9A934C813}.Release|Any CPU.ActiveCfg = Release|Any CPU
		{5C419AD6-8690-4752-AB41-FAC9A934C813}.Release|Any CPU.Build.0 = Release|Any CPU
		{5C419AD6-8690-4752-AB41-FAC9A934C813}.Release|x64.ActiveCfg = Release|x64
		{5C419AD6-8690-4752-AB41-FAC9A934C813}.Release|x64.Build.0 = Release|x64
		{5C419AD6-8690-4752-AB41-FAC9A934C813}.Release|x86.ActiveCfg = Release|x86
		{5C419AD6-8690-4752-AB41-FAC9A934C813}.Release|x86.Build.0 = Release|x86
		{C10D70FC-861F-4287-BEBB-166D4F2124BC}.Debug|Any CPU.ActiveCfg = Debug|Any CPU
		{C10D70FC-861F-4287-BEBB-166D4F2124BC}.Debug|Any CPU.Build.0 = Debug|Any CPU
		{C10D70FC-861F-4287-BEBB-166D4F2124BC}.Debug|x64.ActiveCfg = Debug|x64
		{C10D70FC-861F-4287-BEBB-166D4F2124BC}.Debug|x64.Build.0 = Debug|x64
		{C10D70FC-861F-4287-BEBB-166D4F2124BC}.Debug|x86.ActiveCfg = Debug|x86
		{C10D70FC-861F-4287-BEBB-166D4F2124BC}.Debug|x86.Build.0 = Debug|x86
		{C10D70FC-861F-4287-BEBB-166D4F2124BC}.Release|Any CPU.ActiveCfg = Release|Any CPU
		{C10D70FC-861F-4287-BEBB-166D4F2124BC}.Release|Any CPU.Build.0 = Release|Any CPU
		{C10D70FC-861F-4287-BEBB-166D4F2124BC}.Release|x64.ActiveCfg = Release|x64
		{C10D70FC-861F-4287-BEBB-166D4F2124BC}.Release|x64.Build.0 = Release|x64
		{C10D70FC-861F-4287-BEBB-166D4F2124BC}.Release|x86.ActiveCfg = Release|x86
		{C10D70FC-861F-4287-BEBB-166D4F2124BC}.Release|x86.Build.0 = Release|x86
		{820E3FBB-A219-4BBF-A927-AAB1A3EE3DE9}.Debug|Any CPU.ActiveCfg = Debug|Any CPU
		{820E3FBB-A219-4BBF-A927-AAB1A3EE3DE9}.Debug|Any CPU.Build.0 = Debug|Any CPU
		{820E3FBB-A219-4BBF-A927-AAB1A3EE3DE9}.Debug|x64.ActiveCfg = Debug|x64
		{820E3FBB-A219-4BBF-A927-AAB1A3EE3DE9}.Debug|x64.Build.0 = Debug|x64
		{820E3FBB-A219-4BBF-A927-AAB1A3EE3DE9}.Debug|x86.ActiveCfg = Debug|x86
		{820E3FBB-A219-4BBF-A927-AAB1A3EE3DE9}.Debug|x86.Build.0 = Debug|x86
		{820E3FBB-A219-4BBF-A927-AAB1A3EE3DE9}.Release|Any CPU.ActiveCfg = Release|Any CPU
		{820E3FBB-A219-4BBF-A927-AAB1A3EE3DE9}.Release|Any CPU.Build.0 = Release|Any CPU
		{820E3FBB-A219-4BBF-A927-AAB1A3EE3DE9}.Release|x64.ActiveCfg = Release|x64
		{820E3FBB-A219-4BBF-A927-AAB1A3EE3DE9}.Release|x64.Build.0 = Release|x64
		{820E3FBB-A219-4BBF-A927-AAB1A3EE3DE9}.Release|x86.ActiveCfg = Release|x86
		{820E3FBB-A219-4BBF-A927-AAB1A3EE3DE9}.Release|x86.Build.0 = Release|x86
		{4D289AB6-A3CC-4885-8185-2D2FC473B053}.Debug|Any CPU.ActiveCfg = Debug|Any CPU
		{4D289AB6-A3CC-4885-8185-2D2FC473B053}.Debug|Any CPU.Build.0 = Debug|Any CPU
		{4D289AB6-A3CC-4885-8185-2D2FC473B053}.Debug|x64.ActiveCfg = Debug|x64
		{4D289AB6-A3CC-4885-8185-2D2FC473B053}.Debug|x64.Build.0 = Debug|x64
		{4D289AB6-A3CC-4885-8185-2D2FC473B053}.Debug|x86.ActiveCfg = Debug|x86
		{4D289AB6-A3CC-4885-8185-2D2FC473B053}.Debug|x86.Build.0 = Debug|x86
		{4D289AB6-A3CC-4885-8185-2D2FC473B053}.Release|Any CPU.ActiveCfg = Release|Any CPU
		{4D289AB6-A3CC-4885-8185-2D2FC473B053}.Release|Any CPU.Build.0 = Release|Any CPU
		{4D289AB6-A3CC-4885-8185-2D2FC473B053}.Release|x64.ActiveCfg = Release|x64
		{4D289AB6-A3CC-4885-8185-2D2FC473B053}.Release|x64.Build.0 = Release|x64
		{4D289AB6-A3CC-4885-8185-2D2FC473B053}.Release|x86.ActiveCfg = Release|x86
		{4D289AB6-A3CC-4885-8185-2D2FC473B053}.Release|x86.Build.0 = Release|x86
		{E7857C01-05B8-49AE-B811-E7041606BFD5}.Debug|Any CPU.ActiveCfg = Debug|Any CPU
		{E7857C01-05B8-49AE-B811-E7041606BFD5}.Debug|Any CPU.Build.0 = Debug|Any CPU
		{E7857C01-05B8-49AE-B811-E7041606BFD5}.Debug|x64.ActiveCfg = Debug|x64
		{E7857C01-05B8-49AE-B811-E7041606BFD5}.Debug|x64.Build.0 = Debug|x64
		{E7857C01-05B8-49AE-B811-E7041606BFD5}.Debug|x86.ActiveCfg = Debug|x86
		{E7857C01-05B8-49AE-B811-E7041606BFD5}.Debug|x86.Build.0 = Debug|x86
		{E7857C01-05B8-49AE-B811-E7041606BFD5}.Release|Any CPU.ActiveCfg = Release|Any CPU
		{E7857C01-05B8-49AE-B811-E7041606BFD5}.Release|Any CPU.Build.0 = Release|Any CPU
		{E7857C01-05B8-49AE-B811-E7041606BFD5}.Release|x64.ActiveCfg = Release|x64
		{E7857C01-05B8-49AE-B811-E7041606BFD5}.Release|x64.Build.0 = Release|x64
		{E7857C01-05B8-49AE-B811-E7041606BFD5}.Release|x86.ActiveCfg = Release|x86
		{E7857C01-05B8-49AE-B811-E7041606BFD5}.Release|x86.Build.0 = Release|x86
		{70134C95-BA50-49D3-8FDE-6DF3A4DEAFDF}.Debug|Any CPU.ActiveCfg = Debug|Any CPU
		{70134C95-BA50-49D3-8FDE-6DF3A4DEAFDF}.Debug|Any CPU.Build.0 = Debug|Any CPU
		{70134C95-BA50-49D3-8FDE-6DF3A4DEAFDF}.Debug|x64.ActiveCfg = Debug|x64
		{70134C95-BA50-49D3-8FDE-6DF3A4DEAFDF}.Debug|x64.Build.0 = Debug|x64
		{70134C95-BA50-49D3-8FDE-6DF3A4DEAFDF}.Debug|x86.ActiveCfg = Debug|x86
		{70134C95-BA50-49D3-8FDE-6DF3A4DEAFDF}.Debug|x86.Build.0 = Debug|x86
		{70134C95-BA50-49D3-8FDE-6DF3A4DEAFDF}.Release|Any CPU.ActiveCfg = Release|Any CPU
		{70134C95-BA50-49D3-8FDE-6DF3A4DEAFDF}.Release|Any CPU.Build.0 = Release|Any CPU
		{70134C95-BA50-49D3-8FDE-6DF3A4DEAFDF}.Release|x64.ActiveCfg = Release|x64
		{70134C95-BA50-49D3-8FDE-6DF3A4DEAFDF}.Release|x64.Build.0 = Release|x64
		{70134C95-BA50-49D3-8FDE-6DF3A4DEAFDF}.Release|x86.ActiveCfg = Release|x86
		{70134C95-BA50-49D3-8FDE-6DF3A4DEAFDF}.Release|x86.Build.0 = Release|x86
		{885F6C18-AA17-48C2-A45D-3A3A1BA46EA8}.Debug|Any CPU.ActiveCfg = Debug|Any CPU
		{885F6C18-AA17-48C2-A45D-3A3A1BA46EA8}.Debug|Any CPU.Build.0 = Debug|Any CPU
		{885F6C18-AA17-48C2-A45D-3A3A1BA46EA8}.Debug|x64.ActiveCfg = Debug|x64
		{885F6C18-AA17-48C2-A45D-3A3A1BA46EA8}.Debug|x64.Build.0 = Debug|x64
		{885F6C18-AA17-48C2-A45D-3A3A1BA46EA8}.Debug|x86.ActiveCfg = Debug|x86
		{885F6C18-AA17-48C2-A45D-3A3A1BA46EA8}.Debug|x86.Build.0 = Debug|x86
		{885F6C18-AA17-48C2-A45D-3A3A1BA46EA8}.Release|Any CPU.ActiveCfg = Release|Any CPU
		{885F6C18-AA17-48C2-A45D-3A3A1BA46EA8}.Release|Any CPU.Build.0 = Release|Any CPU
		{885F6C18-AA17-48C2-A45D-3A3A1BA46EA8}.Release|x64.ActiveCfg = Release|x64
		{885F6C18-AA17-48C2-A45D-3A3A1BA46EA8}.Release|x64.Build.0 = Release|x64
		{885F6C18-AA17-48C2-A45D-3A3A1BA46EA8}.Release|x86.ActiveCfg = Release|x86
		{885F6C18-AA17-48C2-A45D-3A3A1BA46EA8}.Release|x86.Build.0 = Release|x86
		{CB086504-FA9C-404F-9C24-5B73D9A224B8}.Debug|Any CPU.ActiveCfg = Debug|Any CPU
		{CB086504-FA9C-404F-9C24-5B73D9A224B8}.Debug|Any CPU.Build.0 = Debug|Any CPU
		{CB086504-FA9C-404F-9C24-5B73D9A224B8}.Debug|x64.ActiveCfg = Debug|x64
		{CB086504-FA9C-404F-9C24-5B73D9A224B8}.Debug|x64.Build.0 = Debug|x64
		{CB086504-FA9C-404F-9C24-5B73D9A224B8}.Debug|x86.ActiveCfg = Debug|x86
		{CB086504-FA9C-404F-9C24-5B73D9A224B8}.Debug|x86.Build.0 = Debug|x86
		{CB086504-FA9C-404F-9C24-5B73D9A224B8}.Release|Any CPU.ActiveCfg = Release|Any CPU
		{CB086504-FA9C-404F-9C24-5B73D9A224B8}.Release|Any CPU.Build.0 = Release|Any CPU
		{CB086504-FA9C-404F-9C24-5B73D9A224B8}.Release|x64.ActiveCfg = Release|x64
		{CB086504-FA9C-404F-9C24-5B73D9A224B8}.Release|x64.Build.0 = Release|x64
		{CB086504-FA9C-404F-9C24-5B73D9A224B8}.Release|x86.ActiveCfg = Release|x86
		{CB086504-FA9C-404F-9C24-5B73D9A224B8}.Release|x86.Build.0 = Release|x86
		{DD9D024E-4979-43DC-A9B9-05F4FDC258D9}.Debug|Any CPU.ActiveCfg = Debug|Any CPU
		{DD9D024E-4979-43DC-A9B9-05F4FDC258D9}.Debug|Any CPU.Build.0 = Debug|Any CPU
		{DD9D024E-4979-43DC-A9B9-05F4FDC258D9}.Debug|x64.ActiveCfg = Debug|x64
		{DD9D024E-4979-43DC-A9B9-05F4FDC258D9}.Debug|x64.Build.0 = Debug|x64
		{DD9D024E-4979-43DC-A9B9-05F4FDC258D9}.Debug|x86.ActiveCfg = Debug|x86
		{DD9D024E-4979-43DC-A9B9-05F4FDC258D9}.Debug|x86.Build.0 = Debug|x86
		{DD9D024E-4979-43DC-A9B9-05F4FDC258D9}.Release|Any CPU.ActiveCfg = Release|Any CPU
		{DD9D024E-4979-43DC-A9B9-05F4FDC258D9}.Release|Any CPU.Build.0 = Release|Any CPU
		{DD9D024E-4979-43DC-A9B9-05F4FDC258D9}.Release|x64.ActiveCfg = Release|x64
		{DD9D024E-4979-43DC-A9B9-05F4FDC258D9}.Release|x64.Build.0 = Release|x64
		{DD9D024E-4979-43DC-A9B9-05F4FDC258D9}.Release|x86.ActiveCfg = Release|x86
		{DD9D024E-4979-43DC-A9B9-05F4FDC258D9}.Release|x86.Build.0 = Release|x86
		{59CBBBEF-522D-4BCB-B134-0CE9333295FD}.Debug|Any CPU.ActiveCfg = Debug|Any CPU
		{59CBBBEF-522D-4BCB-B134-0CE9333295FD}.Debug|Any CPU.Build.0 = Debug|Any CPU
		{59CBBBEF-522D-4BCB-B134-0CE9333295FD}.Debug|x64.ActiveCfg = Debug|x64
		{59CBBBEF-522D-4BCB-B134-0CE9333295FD}.Debug|x64.Build.0 = Debug|x64
		{59CBBBEF-522D-4BCB-B134-0CE9333295FD}.Debug|x86.ActiveCfg = Debug|x86
		{59CBBBEF-522D-4BCB-B134-0CE9333295FD}.Debug|x86.Build.0 = Debug|x86
		{59CBBBEF-522D-4BCB-B134-0CE9333295FD}.Release|Any CPU.ActiveCfg = Release|Any CPU
		{59CBBBEF-522D-4BCB-B134-0CE9333295FD}.Release|Any CPU.Build.0 = Release|Any CPU
		{59CBBBEF-522D-4BCB-B134-0CE9333295FD}.Release|x64.ActiveCfg = Release|x64
		{59CBBBEF-522D-4BCB-B134-0CE9333295FD}.Release|x64.Build.0 = Release|x64
		{59CBBBEF-522D-4BCB-B134-0CE9333295FD}.Release|x86.ActiveCfg = Release|x86
		{59CBBBEF-522D-4BCB-B134-0CE9333295FD}.Release|x86.Build.0 = Release|x86
		{E9A1B784-AFE0-4954-916E-D94279724D67}.Debug|Any CPU.ActiveCfg = Debug|Any CPU
		{E9A1B784-AFE0-4954-916E-D94279724D67}.Debug|Any CPU.Build.0 = Debug|Any CPU
		{E9A1B784-AFE0-4954-916E-D94279724D67}.Debug|x64.ActiveCfg = Debug|x64
		{E9A1B784-AFE0-4954-916E-D94279724D67}.Debug|x64.Build.0 = Debug|x64
		{E9A1B784-AFE0-4954-916E-D94279724D67}.Debug|x86.ActiveCfg = Debug|x86
		{E9A1B784-AFE0-4954-916E-D94279724D67}.Debug|x86.Build.0 = Debug|x86
		{E9A1B784-AFE0-4954-916E-D94279724D67}.Release|Any CPU.ActiveCfg = Release|Any CPU
		{E9A1B784-AFE0-4954-916E-D94279724D67}.Release|Any CPU.Build.0 = Release|Any CPU
		{E9A1B784-AFE0-4954-916E-D94279724D67}.Release|x64.ActiveCfg = Release|x64
		{E9A1B784-AFE0-4954-916E-D94279724D67}.Release|x64.Build.0 = Release|x64
		{E9A1B784-AFE0-4954-916E-D94279724D67}.Release|x86.ActiveCfg = Release|x86
		{E9A1B784-AFE0-4954-916E-D94279724D67}.Release|x86.Build.0 = Release|x86
		{53183650-381B-4EDC-8F0A-4B9B244B111C}.Debug|Any CPU.ActiveCfg = Debug|Any CPU
		{53183650-381B-4EDC-8F0A-4B9B244B111C}.Debug|Any CPU.Build.0 = Debug|Any CPU
		{53183650-381B-4EDC-8F0A-4B9B244B111C}.Debug|x64.ActiveCfg = Debug|x64
		{53183650-381B-4EDC-8F0A-4B9B244B111C}.Debug|x64.Build.0 = Debug|x64
		{53183650-381B-4EDC-8F0A-4B9B244B111C}.Debug|x86.ActiveCfg = Debug|x86
		{53183650-381B-4EDC-8F0A-4B9B244B111C}.Debug|x86.Build.0 = Debug|x86
		{53183650-381B-4EDC-8F0A-4B9B244B111C}.Release|Any CPU.ActiveCfg = Release|Any CPU
		{53183650-381B-4EDC-8F0A-4B9B244B111C}.Release|Any CPU.Build.0 = Release|Any CPU
		{53183650-381B-4EDC-8F0A-4B9B244B111C}.Release|x64.ActiveCfg = Release|x64
		{53183650-381B-4EDC-8F0A-4B9B244B111C}.Release|x64.Build.0 = Release|x64
		{53183650-381B-4EDC-8F0A-4B9B244B111C}.Release|x86.ActiveCfg = Release|x86
		{53183650-381B-4EDC-8F0A-4B9B244B111C}.Release|x86.Build.0 = Release|x86
		{94CEE069-A635-4632-9AFB-4057E0C48CD9}.Debug|Any CPU.ActiveCfg = Debug|Any CPU
		{94CEE069-A635-4632-9AFB-4057E0C48CD9}.Debug|Any CPU.Build.0 = Debug|Any CPU
		{94CEE069-A635-4632-9AFB-4057E0C48CD9}.Debug|x64.ActiveCfg = Debug|x64
		{94CEE069-A635-4632-9AFB-4057E0C48CD9}.Debug|x64.Build.0 = Debug|x64
		{94CEE069-A635-4632-9AFB-4057E0C48CD9}.Debug|x86.ActiveCfg = Debug|x86
		{94CEE069-A635-4632-9AFB-4057E0C48CD9}.Debug|x86.Build.0 = Debug|x86
		{94CEE069-A635-4632-9AFB-4057E0C48CD9}.Release|Any CPU.ActiveCfg = Release|Any CPU
		{94CEE069-A635-4632-9AFB-4057E0C48CD9}.Release|Any CPU.Build.0 = Release|Any CPU
		{94CEE069-A635-4632-9AFB-4057E0C48CD9}.Release|x64.ActiveCfg = Release|x64
		{94CEE069-A635-4632-9AFB-4057E0C48CD9}.Release|x64.Build.0 = Release|x64
		{94CEE069-A635-4632-9AFB-4057E0C48CD9}.Release|x86.ActiveCfg = Release|x86
		{94CEE069-A635-4632-9AFB-4057E0C48CD9}.Release|x86.Build.0 = Release|x86
		{B0C68DA5-8D2C-43E1-843A-0FA0685E0731}.Debug|Any CPU.ActiveCfg = Debug|Any CPU
		{B0C68DA5-8D2C-43E1-843A-0FA0685E0731}.Debug|Any CPU.Build.0 = Debug|Any CPU
		{B0C68DA5-8D2C-43E1-843A-0FA0685E0731}.Debug|x64.ActiveCfg = Debug|x64
		{B0C68DA5-8D2C-43E1-843A-0FA0685E0731}.Debug|x64.Build.0 = Debug|x64
		{B0C68DA5-8D2C-43E1-843A-0FA0685E0731}.Debug|x86.ActiveCfg = Debug|x86
		{B0C68DA5-8D2C-43E1-843A-0FA0685E0731}.Debug|x86.Build.0 = Debug|x86
		{B0C68DA5-8D2C-43E1-843A-0FA0685E0731}.Release|Any CPU.ActiveCfg = Release|Any CPU
		{B0C68DA5-8D2C-43E1-843A-0FA0685E0731}.Release|Any CPU.Build.0 = Release|Any CPU
		{B0C68DA5-8D2C-43E1-843A-0FA0685E0731}.Release|x64.ActiveCfg = Release|x64
		{B0C68DA5-8D2C-43E1-843A-0FA0685E0731}.Release|x64.Build.0 = Release|x64
		{B0C68DA5-8D2C-43E1-843A-0FA0685E0731}.Release|x86.ActiveCfg = Release|x86
		{B0C68DA5-8D2C-43E1-843A-0FA0685E0731}.Release|x86.Build.0 = Release|x86
		{E37EDD11-7E2B-4CA1-B2C5-F5B7644D9363}.Debug|Any CPU.ActiveCfg = Debug|Any CPU
		{E37EDD11-7E2B-4CA1-B2C5-F5B7644D9363}.Debug|Any CPU.Build.0 = Debug|Any CPU
		{E37EDD11-7E2B-4CA1-B2C5-F5B7644D9363}.Debug|x64.ActiveCfg = Debug|x64
		{E37EDD11-7E2B-4CA1-B2C5-F5B7644D9363}.Debug|x64.Build.0 = Debug|x64
		{E37EDD11-7E2B-4CA1-B2C5-F5B7644D9363}.Debug|x86.ActiveCfg = Debug|x86
		{E37EDD11-7E2B-4CA1-B2C5-F5B7644D9363}.Debug|x86.Build.0 = Debug|x86
		{E37EDD11-7E2B-4CA1-B2C5-F5B7644D9363}.Release|Any CPU.ActiveCfg = Release|Any CPU
		{E37EDD11-7E2B-4CA1-B2C5-F5B7644D9363}.Release|Any CPU.Build.0 = Release|Any CPU
		{E37EDD11-7E2B-4CA1-B2C5-F5B7644D9363}.Release|x64.ActiveCfg = Release|x64
		{E37EDD11-7E2B-4CA1-B2C5-F5B7644D9363}.Release|x64.Build.0 = Release|x64
		{E37EDD11-7E2B-4CA1-B2C5-F5B7644D9363}.Release|x86.ActiveCfg = Release|x86
		{E37EDD11-7E2B-4CA1-B2C5-F5B7644D9363}.Release|x86.Build.0 = Release|x86
		{778B112C-93A6-4BD4-B171-04E362DDD126}.Debug|Any CPU.ActiveCfg = Debug|Any CPU
		{778B112C-93A6-4BD4-B171-04E362DDD126}.Debug|Any CPU.Build.0 = Debug|Any CPU
		{778B112C-93A6-4BD4-B171-04E362DDD126}.Debug|x64.ActiveCfg = Debug|x64
		{778B112C-93A6-4BD4-B171-04E362DDD126}.Debug|x64.Build.0 = Debug|x64
		{778B112C-93A6-4BD4-B171-04E362DDD126}.Debug|x86.ActiveCfg = Debug|x86
		{778B112C-93A6-4BD4-B171-04E362DDD126}.Debug|x86.Build.0 = Debug|x86
		{778B112C-93A6-4BD4-B171-04E362DDD126}.Release|Any CPU.ActiveCfg = Release|Any CPU
		{778B112C-93A6-4BD4-B171-04E362DDD126}.Release|Any CPU.Build.0 = Release|Any CPU
		{778B112C-93A6-4BD4-B171-04E362DDD126}.Release|x64.ActiveCfg = Release|x64
		{778B112C-93A6-4BD4-B171-04E362DDD126}.Release|x64.Build.0 = Release|x64
		{778B112C-93A6-4BD4-B171-04E362DDD126}.Release|x86.ActiveCfg = Release|x86
		{778B112C-93A6-4BD4-B171-04E362DDD126}.Release|x86.Build.0 = Release|x86
		{BEA029BA-8512-4F8E-899B-0081CF9157BE}.Debug|Any CPU.ActiveCfg = Debug|Any CPU
		{BEA029BA-8512-4F8E-899B-0081CF9157BE}.Debug|Any CPU.Build.0 = Debug|Any CPU
		{BEA029BA-8512-4F8E-899B-0081CF9157BE}.Debug|x64.ActiveCfg = Debug|x64
		{BEA029BA-8512-4F8E-899B-0081CF9157BE}.Debug|x64.Build.0 = Debug|x64
		{BEA029BA-8512-4F8E-899B-0081CF9157BE}.Debug|x86.ActiveCfg = Debug|x86
		{BEA029BA-8512-4F8E-899B-0081CF9157BE}.Debug|x86.Build.0 = Debug|x86
		{BEA029BA-8512-4F8E-899B-0081CF9157BE}.Release|Any CPU.ActiveCfg = Release|Any CPU
		{BEA029BA-8512-4F8E-899B-0081CF9157BE}.Release|Any CPU.Build.0 = Release|Any CPU
		{BEA029BA-8512-4F8E-899B-0081CF9157BE}.Release|x64.ActiveCfg = Release|x64
		{BEA029BA-8512-4F8E-899B-0081CF9157BE}.Release|x64.Build.0 = Release|x64
		{BEA029BA-8512-4F8E-899B-0081CF9157BE}.Release|x86.ActiveCfg = Release|x86
		{BEA029BA-8512-4F8E-899B-0081CF9157BE}.Release|x86.Build.0 = Release|x86
		{C4390266-8CB8-4171-A467-C17BA014B6EE}.Debug|Any CPU.ActiveCfg = Debug|Any CPU
		{C4390266-8CB8-4171-A467-C17BA014B6EE}.Debug|Any CPU.Build.0 = Debug|Any CPU
		{C4390266-8CB8-4171-A467-C17BA014B6EE}.Debug|x64.ActiveCfg = Debug|x64
		{C4390266-8CB8-4171-A467-C17BA014B6EE}.Debug|x64.Build.0 = Debug|x64
		{C4390266-8CB8-4171-A467-C17BA014B6EE}.Debug|x86.ActiveCfg = Debug|x86
		{C4390266-8CB8-4171-A467-C17BA014B6EE}.Debug|x86.Build.0 = Debug|x86
		{C4390266-8CB8-4171-A467-C17BA014B6EE}.Release|Any CPU.ActiveCfg = Release|Any CPU
		{C4390266-8CB8-4171-A467-C17BA014B6EE}.Release|Any CPU.Build.0 = Release|Any CPU
		{C4390266-8CB8-4171-A467-C17BA014B6EE}.Release|x64.ActiveCfg = Release|x64
		{C4390266-8CB8-4171-A467-C17BA014B6EE}.Release|x64.Build.0 = Release|x64
		{C4390266-8CB8-4171-A467-C17BA014B6EE}.Release|x86.ActiveCfg = Release|x86
		{C4390266-8CB8-4171-A467-C17BA014B6EE}.Release|x86.Build.0 = Release|x86
		{9B062971-A88E-4A3D-B3C9-12B78D15FA66}.Debug|Any CPU.ActiveCfg = Debug|Any CPU
		{9B062971-A88E-4A3D-B3C9-12B78D15FA66}.Debug|Any CPU.Build.0 = Debug|Any CPU
		{9B062971-A88E-4A3D-B3C9-12B78D15FA66}.Debug|x64.ActiveCfg = Debug|x64
		{9B062971-A88E-4A3D-B3C9-12B78D15FA66}.Debug|x64.Build.0 = Debug|x64
		{9B062971-A88E-4A3D-B3C9-12B78D15FA66}.Debug|x86.ActiveCfg = Debug|x86
		{9B062971-A88E-4A3D-B3C9-12B78D15FA66}.Debug|x86.Build.0 = Debug|x86
		{9B062971-A88E-4A3D-B3C9-12B78D15FA66}.Release|Any CPU.ActiveCfg = Release|Any CPU
		{9B062971-A88E-4A3D-B3C9-12B78D15FA66}.Release|Any CPU.Build.0 = Release|Any CPU
		{9B062971-A88E-4A3D-B3C9-12B78D15FA66}.Release|x64.ActiveCfg = Release|x64
		{9B062971-A88E-4A3D-B3C9-12B78D15FA66}.Release|x64.Build.0 = Release|x64
		{9B062971-A88E-4A3D-B3C9-12B78D15FA66}.Release|x86.ActiveCfg = Release|x86
		{9B062971-A88E-4A3D-B3C9-12B78D15FA66}.Release|x86.Build.0 = Release|x86
		{5C42A79A-D44A-413F-90AD-BA61E35F17BD}.Debug|Any CPU.ActiveCfg = Debug|Any CPU
		{5C42A79A-D44A-413F-90AD-BA61E35F17BD}.Debug|Any CPU.Build.0 = Debug|Any CPU
		{5C42A79A-D44A-413F-90AD-BA61E35F17BD}.Debug|x64.ActiveCfg = Debug|x64
		{5C42A79A-D44A-413F-90AD-BA61E35F17BD}.Debug|x64.Build.0 = Debug|x64
		{5C42A79A-D44A-413F-90AD-BA61E35F17BD}.Debug|x86.ActiveCfg = Debug|x86
		{5C42A79A-D44A-413F-90AD-BA61E35F17BD}.Debug|x86.Build.0 = Debug|x86
		{5C42A79A-D44A-413F-90AD-BA61E35F17BD}.Release|Any CPU.ActiveCfg = Release|Any CPU
		{5C42A79A-D44A-413F-90AD-BA61E35F17BD}.Release|Any CPU.Build.0 = Release|Any CPU
		{5C42A79A-D44A-413F-90AD-BA61E35F17BD}.Release|x64.ActiveCfg = Release|x64
		{5C42A79A-D44A-413F-90AD-BA61E35F17BD}.Release|x64.Build.0 = Release|x64
		{5C42A79A-D44A-413F-90AD-BA61E35F17BD}.Release|x86.ActiveCfg = Release|x86
		{5C42A79A-D44A-413F-90AD-BA61E35F17BD}.Release|x86.Build.0 = Release|x86
		{67648CD9-6389-43B4-BB6C-1D758626F2D6}.Debug|Any CPU.ActiveCfg = Debug|Any CPU
		{67648CD9-6389-43B4-BB6C-1D758626F2D6}.Debug|Any CPU.Build.0 = Debug|Any CPU
		{67648CD9-6389-43B4-BB6C-1D758626F2D6}.Debug|x64.ActiveCfg = Debug|x64
		{67648CD9-6389-43B4-BB6C-1D758626F2D6}.Debug|x64.Build.0 = Debug|x64
		{67648CD9-6389-43B4-BB6C-1D758626F2D6}.Debug|x86.ActiveCfg = Debug|x86
		{67648CD9-6389-43B4-BB6C-1D758626F2D6}.Debug|x86.Build.0 = Debug|x86
		{67648CD9-6389-43B4-BB6C-1D758626F2D6}.Release|Any CPU.ActiveCfg = Release|Any CPU
		{67648CD9-6389-43B4-BB6C-1D758626F2D6}.Release|Any CPU.Build.0 = Release|Any CPU
		{67648CD9-6389-43B4-BB6C-1D758626F2D6}.Release|x64.ActiveCfg = Release|x64
		{67648CD9-6389-43B4-BB6C-1D758626F2D6}.Release|x64.Build.0 = Release|x64
		{67648CD9-6389-43B4-BB6C-1D758626F2D6}.Release|x86.ActiveCfg = Release|x86
		{67648CD9-6389-43B4-BB6C-1D758626F2D6}.Release|x86.Build.0 = Release|x86
		{8F28C01C-221E-4351-AFC5-6556A6CFF718}.Debug|Any CPU.ActiveCfg = Debug|Any CPU
		{8F28C01C-221E-4351-AFC5-6556A6CFF718}.Debug|Any CPU.Build.0 = Debug|Any CPU
		{8F28C01C-221E-4351-AFC5-6556A6CFF718}.Debug|x64.ActiveCfg = Debug|x64
		{8F28C01C-221E-4351-AFC5-6556A6CFF718}.Debug|x64.Build.0 = Debug|x64
		{8F28C01C-221E-4351-AFC5-6556A6CFF718}.Debug|x86.ActiveCfg = Debug|Any CPU
		{8F28C01C-221E-4351-AFC5-6556A6CFF718}.Debug|x86.Build.0 = Debug|Any CPU
		{8F28C01C-221E-4351-AFC5-6556A6CFF718}.Release|Any CPU.ActiveCfg = Release|Any CPU
		{8F28C01C-221E-4351-AFC5-6556A6CFF718}.Release|Any CPU.Build.0 = Release|Any CPU
		{8F28C01C-221E-4351-AFC5-6556A6CFF718}.Release|x64.ActiveCfg = Release|x64
		{8F28C01C-221E-4351-AFC5-6556A6CFF718}.Release|x64.Build.0 = Release|x64
		{8F28C01C-221E-4351-AFC5-6556A6CFF718}.Release|x86.ActiveCfg = Release|Any CPU
		{8F28C01C-221E-4351-AFC5-6556A6CFF718}.Release|x86.Build.0 = Release|Any CPU
		{32F6DD67-EF43-49E7-A6B3-4786344BAF14}.Debug|Any CPU.ActiveCfg = Debug|Any CPU
		{32F6DD67-EF43-49E7-A6B3-4786344BAF14}.Debug|Any CPU.Build.0 = Debug|Any CPU
		{32F6DD67-EF43-49E7-A6B3-4786344BAF14}.Debug|x64.ActiveCfg = Debug|x64
		{32F6DD67-EF43-49E7-A6B3-4786344BAF14}.Debug|x64.Build.0 = Debug|x64
		{32F6DD67-EF43-49E7-A6B3-4786344BAF14}.Debug|x86.ActiveCfg = Debug|Any CPU
		{32F6DD67-EF43-49E7-A6B3-4786344BAF14}.Debug|x86.Build.0 = Debug|Any CPU
		{32F6DD67-EF43-49E7-A6B3-4786344BAF14}.Release|Any CPU.ActiveCfg = Release|Any CPU
		{32F6DD67-EF43-49E7-A6B3-4786344BAF14}.Release|Any CPU.Build.0 = Release|Any CPU
		{32F6DD67-EF43-49E7-A6B3-4786344BAF14}.Release|x64.ActiveCfg = Release|x64
		{32F6DD67-EF43-49E7-A6B3-4786344BAF14}.Release|x64.Build.0 = Release|x64
		{32F6DD67-EF43-49E7-A6B3-4786344BAF14}.Release|x86.ActiveCfg = Release|Any CPU
		{32F6DD67-EF43-49E7-A6B3-4786344BAF14}.Release|x86.Build.0 = Release|Any CPU
	EndGlobalSection
	GlobalSection(SolutionProperties) = preSolution
		HideSolutionNode = FALSE
	EndGlobalSection
	GlobalSection(ExtensibilityGlobals) = postSolution
		SolutionGuid = {6D58A8E7-1A03-43B9-B1E4-4CD72D5C897B}
	EndGlobalSection
EndGlobal
